Microsoft Visual Studio Solution File, Format Version 10.00
# Visual Studio 2008

Project("{B30FBC45-5379-BCC3-87F7-B23868BDEC4C}") = "UnityFacebookAPI", "Assembly-CSharp-firstpass-vs.csproj", "{EE3C8643-BA57-61A3-5BAB-5327BC20DB6C}"
EndProject
Project("{B30FBC45-5379-BCC3-87F7-B23868BDEC4C}") = "UnityFacebookAPI", "Assembly-CSharp-vs.csproj", "{0EFF4CF4-16BD-1664-8DD2-659655287068}"
EndProject
Global
	GlobalSection(SolutionConfigurationPlatforms) = preSolution
		Debug|Any CPU = Debug|Any CPU
		Release|Any CPU = Release|Any CPU
	EndGlobalSection
	GlobalSection(ProjectConfigurationPlatforms) = postSolution
		{EE3C8643-BA57-61A3-5BAB-5327BC20DB6C}.Debug|Any CPU.ActiveCfg = Debug|Any CPU
		{EE3C8643-BA57-61A3-5BAB-5327BC20DB6C}.Debug|Any CPU.Build.0 = Debug|Any CPU
		{EE3C8643-BA57-61A3-5BAB-5327BC20DB6C}.Release|Any CPU.ActiveCfg = Release|Any CPU
		{EE3C8643-BA57-61A3-5BAB-5327BC20DB6C}.Release|Any CPU.Build.0 = Release|Any CPU
		{0EFF4CF4-16BD-1664-8DD2-659655287068}.Debug|Any CPU.ActiveCfg = Debug|Any CPU
		{0EFF4CF4-16BD-1664-8DD2-659655287068}.Debug|Any CPU.Build.0 = Debug|Any CPU
		{0EFF4CF4-16BD-1664-8DD2-659655287068}.Release|Any CPU.ActiveCfg = Release|Any CPU
		{0EFF4CF4-16BD-1664-8DD2-659655287068}.Release|Any CPU.Build.0 = Release|Any CPU
	EndGlobalSection
	GlobalSection(SolutionProperties) = preSolution
		HideSolutionNode = FALSE
	EndGlobalSection
								GlobalSection(MonoDevelopProperties) = preSolution
		StartupItem = Assembly-CSharp.csproj
	EndGlobalSection

EndGlobal
